
Microsoft Visual Studio Solution File, Format Version 12.00
# Visual Studio Version 17
VisualStudioVersion = 17.0.31903.59
MinimumVisualStudioVersion = 10.0.40219.1
Project("{2150E333-8FDC-42A3-9474-1A3956D46DE8}") = "Framework", "Framework", "{9A0CCAB9-4303-13B4-2371-F1B97FF5B728}"
EndProject
Project("{FAE04EC0-301F-11D3-BF4B-00C04F79EFBC}") = "Noltrion.Framework.Domain", "Noltrion.Framework.Domain\Noltrion.Framework.Domain.csproj", "{9674D8E0-A65F-46AA-8D9F-FF20021C2CD7}"
EndProject
Project("{FAE04EC0-301F-11D3-BF4B-00C04F79EFBC}") = "Noltrion.Framework.Application", "Noltrion.Framework.Application\Noltrion.Framework.Application.csproj", "{BE22ED0E-3DFB-4FF8-B6A2-749AE5AACFD7}"
EndProject
Project("{FAE04EC0-301F-11D3-BF4B-00C04F79EFBC}") = "Noltrion.Framework.Infrastructure", "Noltrion.Framework.Infrastructure\Noltrion.Framework.Infrastructure.csproj", "{F6ED9286-3A63-4450-A351-FB3F106B2D88}"
EndProject
Project("{FAE04EC0-301F-11D3-BF4B-00C04F79EFBC}") = "Noltrion.Framework.API", "Noltrion.Framework.API\Noltrion.Framework.API.csproj", "{3E03384F-A67D-46A4-9E01-C69DA8FC3CEE}"
EndProject
Project("{FAE04EC0-301F-11D3-BF4B-00C04F79EFBC}") = "Noltrion.Framework.Shared", "Noltrion.Framework.Shared\Noltrion.Framework.Shared.csproj", "{4A8F8F13-6C47-430F-AF65-86229431A193}"
EndProject
Project("{2150E333-8FDC-42A3-9474-1A3956D46DE8}") = "Fleet", "Fleet", "{6405D305-39EA-285F-1351-7E991D287589}"
EndProject
Project("{FAE04EC0-301F-11D3-BF4B-00C04F79EFBC}") = "Noltrion.FleetX.API", "Noltrion.FleetX.API\Noltrion.FleetX.API.csproj", "{33856426-0EF1-43EC-AF45-C7BD075B590F}"
EndProject
Project("{FAE04EC0-301F-11D3-BF4B-00C04F79EFBC}") = "Noltrion.FleetX.Application", "Noltrion.FleetX.Application\Noltrion.FleetX.Application.csproj", "{DEA3F8DE-090C-457D-B911-A941F725C260}"
EndProject
Project("{FAE04EC0-301F-11D3-BF4B-00C04F79EFBC}") = "Noltrion.FleetX.Domain", "Noltrion.FleetX.Domain\Noltrion.FleetX.Domain.csproj", "{B44AAC25-6494-4919-AD2E-0ADC859506F0}"
EndProject
Project("{FAE04EC0-301F-11D3-BF4B-00C04F79EFBC}") = "Noltrion.FleetX.Infrastructure", "Noltrion.FleetX.Infrastructure\Noltrion.FleetX.Infrastructure.csproj", "{B8C30C4A-4135-4D83-9F21-1297ED673DAB}"
EndProject
Global
	GlobalSection(SolutionConfigurationPlatforms) = preSolution
		Debug|Any CPU = Debug|Any CPU
		Debug|x64 = Debug|x64
		Debug|x86 = Debug|x86
		Release|Any CPU = Release|Any CPU
		Release|x64 = Release|x64
		Release|x86 = Release|x86
	EndGlobalSection
	GlobalSection(ProjectConfigurationPlatforms) = postSolution
		{9674D8E0-A65F-46AA-8D9F-FF20021C2CD7}.Debug|Any CPU.ActiveCfg = Debug|Any CPU
		{9674D8E0-A65F-46AA-8D9F-FF20021C2CD7}.Debug|Any CPU.Build.0 = Debug|Any CPU
		{9674D8E0-A65F-46AA-8D9F-FF20021C2CD7}.Debug|x64.ActiveCfg = Debug|Any CPU
		{9674D8E0-A65F-46AA-8D9F-FF20021C2CD7}.Debug|x64.Build.0 = Debug|Any CPU
		{9674D8E0-A65F-46AA-8D9F-FF20021C2CD7}.Debug|x86.ActiveCfg = Debug|Any CPU
		{9674D8E0-A65F-46AA-8D9F-FF20021C2CD7}.Debug|x86.Build.0 = Debug|Any CPU
		{9674D8E0-A65F-46AA-8D9F-FF20021C2CD7}.Release|Any CPU.ActiveCfg = Release|Any CPU
		{9674D8E0-A65F-46AA-8D9F-FF20021C2CD7}.Release|Any CPU.Build.0 = Release|Any CPU
		{9674D8E0-A65F-46AA-8D9F-FF20021C2CD7}.Release|x64.ActiveCfg = Release|Any CPU
		{9674D8E0-A65F-46AA-8D9F-FF20021C2CD7}.Release|x64.Build.0 = Release|Any CPU
		{9674D8E0-A65F-46AA-8D9F-FF20021C2CD7}.Release|x86.ActiveCfg = Release|Any CPU
		{9674D8E0-A65F-46AA-8D9F-FF20021C2CD7}.Release|x86.Build.0 = Release|Any CPU
		{BE22ED0E-3DFB-4FF8-B6A2-749AE5AACFD7}.Debug|Any CPU.ActiveCfg = Debug|Any CPU
		{BE22ED0E-3DFB-4FF8-B6A2-749AE5AACFD7}.Debug|Any CPU.Build.0 = Debug|Any CPU
		{BE22ED0E-3DFB-4FF8-B6A2-749AE5AACFD7}.Debug|x64.ActiveCfg = Debug|Any CPU
		{BE22ED0E-3DFB-4FF8-B6A2-749AE5AACFD7}.Debug|x64.Build.0 = Debug|Any CPU
		{BE22ED0E-3DFB-4FF8-B6A2-749AE5AACFD7}.Debug|x86.ActiveCfg = Debug|Any CPU
		{BE22ED0E-3DFB-4FF8-B6A2-749AE5AACFD7}.Debug|x86.Build.0 = Debug|Any CPU
		{BE22ED0E-3DFB-4FF8-B6A2-749AE5AACFD7}.Release|Any CPU.ActiveCfg = Release|Any CPU
		{BE22ED0E-3DFB-4FF8-B6A2-749AE5AACFD7}.Release|Any CPU.Build.0 = Release|Any CPU
		{BE22ED0E-3DFB-4FF8-B6A2-749AE5AACFD7}.Release|x64.ActiveCfg = Release|Any CPU
		{BE22ED0E-3DFB-4FF8-B6A2-749AE5AACFD7}.Release|x64.Build.0 = Release|Any CPU
		{BE22ED0E-3DFB-4FF8-B6A2-749AE5AACFD7}.Release|x86.ActiveCfg = Release|Any CPU
		{BE22ED0E-3DFB-4FF8-B6A2-749AE5AACFD7}.Release|x86.Build.0 = Release|Any CPU
		{F6ED9286-3A63-4450-A351-FB3F106B2D88}.Debug|Any CPU.ActiveCfg = Debug|Any CPU
		{F6ED9286-3A63-4450-A351-FB3F106B2D88}.Debug|Any CPU.Build.0 = Debug|Any CPU
		{F6ED9286-3A63-4450-A351-FB3F106B2D88}.Debug|x64.ActiveCfg = Debug|Any CPU
		{F6ED9286-3A63-4450-A351-FB3F106B2D88}.Debug|x64.Build.0 = Debug|Any CPU
		{F6ED9286-3A63-4450-A351-FB3F106B2D88}.Debug|x86.ActiveCfg = Debug|Any CPU
		{F6ED9286-3A63-4450-A351-FB3F106B2D88}.Debug|x86.Build.0 = Debug|Any CPU
		{F6ED9286-3A63-4450-A351-FB3F106B2D88}.Release|Any CPU.ActiveCfg = Release|Any CPU
		{F6ED9286-3A63-4450-A351-FB3F106B2D88}.Release|Any CPU.Build.0 = Release|Any CPU
		{F6ED9286-3A63-4450-A351-FB3F106B2D88}.Release|x64.ActiveCfg = Release|Any CPU
		{F6ED9286-3A63-4450-A351-FB3F106B2D88}.Release|x64.Build.0 = Release|Any CPU
		{F6ED9286-3A63-4450-A351-FB3F106B2D88}.Release|x86.ActiveCfg = Release|Any CPU
		{F6ED9286-3A63-4450-A351-FB3F106B2D88}.Release|x86.Build.0 = Release|Any CPU
		{3E03384F-A67D-46A4-9E01-C69DA8FC3CEE}.Debug|Any CPU.ActiveCfg = Debug|Any CPU
		{3E03384F-A67D-46A4-9E01-C69DA8FC3CEE}.Debug|Any CPU.Build.0 = Debug|Any CPU
		{3E03384F-A67D-46A4-9E01-C69DA8FC3CEE}.Debug|x64.ActiveCfg = Debug|Any CPU
		{3E03384F-A67D-46A4-9E01-C69DA8FC3CEE}.Debug|x64.Build.0 = Debug|Any CPU
		{3E03384F-A67D-46A4-9E01-C69DA8FC3CEE}.Debug|x86.ActiveCfg = Debug|Any CPU
		{3E03384F-A67D-46A4-9E01-C69DA8FC3CEE}.Debug|x86.Build.0 = Debug|Any CPU
		{3E03384F-A67D-46A4-9E01-C69DA8FC3CEE}.Release|Any CPU.ActiveCfg = Release|Any CPU
		{3E03384F-A67D-46A4-9E01-C69DA8FC3CEE}.Release|Any CPU.Build.0 = Release|Any CPU
		{3E03384F-A67D-46A4-9E01-C69DA8FC3CEE}.Release|x64.ActiveCfg = Release|Any CPU
		{3E03384F-A67D-46A4-9E01-C69DA8FC3CEE}.Release|x64.Build.0 = Release|Any CPU
		{3E03384F-A67D-46A4-9E01-C69DA8FC3CEE}.Release|x86.ActiveCfg = Release|Any CPU
		{3E03384F-A67D-46A4-9E01-C69DA8FC3CEE}.Release|x86.Build.0 = Release|Any CPU
		{4A8F8F13-6C47-430F-AF65-86229431A193}.Debug|Any CPU.ActiveCfg = Debug|Any CPU
		{4A8F8F13-6C47-430F-AF65-86229431A193}.Debug|Any CPU.Build.0 = Debug|Any CPU
		{4A8F8F13-6C47-430F-AF65-86229431A193}.Debug|x64.ActiveCfg = Debug|Any CPU
		{4A8F8F13-6C47-430F-AF65-86229431A193}.Debug|x64.Build.0 = Debug|Any CPU
		{4A8F8F13-6C47-430F-AF65-86229431A193}.Debug|x86.ActiveCfg = Debug|Any CPU
		{4A8F8F13-6C47-430F-AF65-86229431A193}.Debug|x86.Build.0 = Debug|Any CPU
		{4A8F8F13-6C47-430F-AF65-86229431A193}.Release|Any CPU.ActiveCfg = Release|Any CPU
		{4A8F8F13-6C47-430F-AF65-86229431A193}.Release|Any CPU.Build.0 = Release|Any CPU
		{4A8F8F13-6C47-430F-AF65-86229431A193}.Release|x64.ActiveCfg = Release|Any CPU
		{4A8F8F13-6C47-430F-AF65-86229431A193}.Release|x64.Build.0 = Release|Any CPU
		{4A8F8F13-6C47-430F-AF65-86229431A193}.Release|x86.ActiveCfg = Release|Any CPU
		{4A8F8F13-6C47-430F-AF65-86229431A193}.Release|x86.Build.0 = Release|Any CPU
		{33856426-0EF1-43EC-AF45-C7BD075B590F}.Debug|Any CPU.ActiveCfg = Debug|Any CPU
		{33856426-0EF1-43EC-AF45-C7BD075B590F}.Debug|Any CPU.Build.0 = Debug|Any CPU
		{33856426-0EF1-43EC-AF45-C7BD075B590F}.Debug|x64.ActiveCfg = Debug|Any CPU
		{33856426-0EF1-43EC-AF45-C7BD075B590F}.Debug|x64.Build.0 = Debug|Any CPU
		{33856426-0EF1-43EC-AF45-C7BD075B590F}.Debug|x86.ActiveCfg = Debug|Any CPU
		{33856426-0EF1-43EC-AF45-C7BD075B590F}.Debug|x86.Build.0 = Debug|Any CPU
		{33856426-0EF1-43EC-AF45-C7BD075B590F}.Release|Any CPU.ActiveCfg = Release|Any CPU
		{33856426-0EF1-43EC-AF45-C7BD075B590F}.Release|Any CPU.Build.0 = Release|Any CPU
		{33856426-0EF1-43EC-AF45-C7BD075B590F}.Release|x64.ActiveCfg = Release|Any CPU
		{33856426-0EF1-43EC-AF45-C7BD075B590F}.Release|x64.Build.0 = Release|Any CPU
		{33856426-0EF1-43EC-AF45-C7BD075B590F}.Release|x86.ActiveCfg = Release|Any CPU
		{33856426-0EF1-43EC-AF45-C7BD075B590F}.Release|x86.Build.0 = Release|Any CPU
		{DEA3F8DE-090C-457D-B911-A941F725C260}.Debug|Any CPU.ActiveCfg = Debug|Any CPU
		{DEA3F8DE-090C-457D-B911-A941F725C260}.Debug|Any CPU.Build.0 = Debug|Any CPU
		{DEA3F8DE-090C-457D-B911-A941F725C260}.Debug|x64.ActiveCfg = Debug|Any CPU
		{DEA3F8DE-090C-457D-B911-A941F725C260}.Debug|x64.Build.0 = Debug|Any CPU
		{DEA3F8DE-090C-457D-B911-A941F725C260}.Debug|x86.ActiveCfg = Debug|Any CPU
		{DEA3F8DE-090C-457D-B911-A941F725C260}.Debug|x86.Build.0 = Debug|Any CPU
		{DEA3F8DE-090C-457D-B911-A941F725C260}.Release|Any CPU.ActiveCfg = Release|Any CPU
		{DEA3F8DE-090C-457D-B911-A941F725C260}.Release|Any CPU.Build.0 = Release|Any CPU
		{DEA3F8DE-090C-457D-B911-A941F725C260}.Release|x64.ActiveCfg = Release|Any CPU
		{DEA3F8DE-090C-457D-B911-A941F725C260}.Release|x64.Build.0 = Release|Any CPU
		{DEA3F8DE-090C-457D-B911-A941F725C260}.Release|x86.ActiveCfg = Release|Any CPU
		{DEA3F8DE-090C-457D-B911-A941F725C260}.Release|x86.Build.0 = Release|Any CPU
		{B44AAC25-6494-4919-AD2E-0ADC859506F0}.Debug|Any CPU.ActiveCfg = Debug|Any CPU
		{B44AAC25-6494-4919-AD2E-0ADC859506F0}.Debug|Any CPU.Build.0 = Debug|Any CPU
		{B44AAC25-6494-4919-AD2E-0ADC859506F0}.Debug|x64.ActiveCfg = Debug|Any CPU
		{B44AAC25-6494-4919-AD2E-0ADC859506F0}.Debug|x64.Build.0 = Debug|Any CPU
		{B44AAC25-6494-4919-AD2E-0ADC859506F0}.Debug|x86.ActiveCfg = Debug|Any CPU
		{B44AAC25-6494-4919-AD2E-0ADC859506F0}.Debug|x86.Build.0 = Debug|Any CPU
		{B44AAC25-6494-4919-AD2E-0ADC859506F0}.Release|Any CPU.ActiveCfg = Release|Any CPU
		{B44AAC25-6494-4919-AD2E-0ADC859506F0}.Release|Any CPU.Build.0 = Release|Any CPU
		{B44AAC25-6494-4919-AD2E-0ADC859506F0}.Release|x64.ActiveCfg = Release|Any CPU
		{B44AAC25-6494-4919-AD2E-0ADC859506F0}.Release|x64.Build.0 = Release|Any CPU
		{B44AAC25-6494-4919-AD2E-0ADC859506F0}.Release|x86.ActiveCfg = Release|Any CPU
		{B44AAC25-6494-4919-AD2E-0ADC859506F0}.Release|x86.Build.0 = Release|Any CPU
		{B8C30C4A-4135-4D83-9F21-1297ED673DAB}.Debug|Any CPU.ActiveCfg = Debug|Any CPU
		{B8C30C4A-4135-4D83-9F21-1297ED673DAB}.Debug|Any CPU.Build.0 = Debug|Any CPU
		{B8C30C4A-4135-4D83-9F21-1297ED673DAB}.Debug|x64.ActiveCfg = Debug|Any CPU
		{B8C30C4A-4135-4D83-9F21-1297ED673DAB}.Debug|x64.Build.0 = Debug|Any CPU
		{B8C30C4A-4135-4D83-9F21-1297ED673DAB}.Debug|x86.ActiveCfg = Debug|Any CPU
		{B8C30C4A-4135-4D83-9F21-1297ED673DAB}.Debug|x86.Build.0 = Debug|Any CPU
		{B8C30C4A-4135-4D83-9F21-1297ED673DAB}.Release|Any CPU.ActiveCfg = Release|Any CPU
		{B8C30C4A-4135-4D83-9F21-1297ED673DAB}.Release|Any CPU.Build.0 = Release|Any CPU
		{B8C30C4A-4135-4D83-9F21-1297ED673DAB}.Release|x64.ActiveCfg = Release|Any CPU
		{B8C30C4A-4135-4D83-9F21-1297ED673DAB}.Release|x64.Build.0 = Release|Any CPU
		{B8C30C4A-4135-4D83-9F21-1297ED673DAB}.Release|x86.ActiveCfg = Release|Any CPU
		{B8C30C4A-4135-4D83-9F21-1297ED673DAB}.Release|x86.Build.0 = Release|Any CPU
	EndGlobalSection
	GlobalSection(SolutionProperties) = preSolution
		HideSolutionNode = FALSE
	EndGlobalSection
	GlobalSection(NestedProjects) = preSolution
		{9674D8E0-A65F-46AA-8D9F-FF20021C2CD7} = {9A0CCAB9-4303-13B4-2371-F1B97FF5B728}
		{BE22ED0E-3DFB-4FF8-B6A2-749AE5AACFD7} = {9A0CCAB9-4303-13B4-2371-F1B97FF5B728}
		{F6ED9286-3A63-4450-A351-FB3F106B2D88} = {9A0CCAB9-4303-13B4-2371-F1B97FF5B728}
		{3E03384F-A67D-46A4-9E01-C69DA8FC3CEE} = {9A0CCAB9-4303-13B4-2371-F1B97FF5B728}
		{4A8F8F13-6C47-430F-AF65-86229431A193} = {9A0CCAB9-4303-13B4-2371-F1B97FF5B728}
		{33856426-0EF1-43EC-AF45-C7BD075B590F} = {6405D305-39EA-285F-1351-7E991D287589}
		{DEA3F8DE-090C-457D-B911-A941F725C260} = {6405D305-39EA-285F-1351-7E991D287589}
		{B44AAC25-6494-4919-AD2E-0ADC859506F0} = {6405D305-39EA-285F-1351-7E991D287589}
		{B8C30C4A-4135-4D83-9F21-1297ED673DAB} = {6405D305-39EA-285F-1351-7E991D287589}
	EndGlobalSection
EndGlobal
